
Microsoft Visual Studio Solution File, Format Version 12.00
# Visual Studio Version 16
VisualStudioVersion = 16.0.29503.13
MinimumVisualStudioVersion = 10.0.40219.1
Project("{FAE04EC0-301F-11D3-BF4B-00C04F79EFBC}") = "MostrarPersona.Android", "MostrarPersona\MostrarPersona.Android\MostrarPersona.Android.csproj", "{8EFAE91A-4423-48AF-8A94-583E79182610}"
EndProject
Project("{FAE04EC0-301F-11D3-BF4B-00C04F79EFBC}") = "MostrarPersona", "MostrarPersona\MostrarPersona\MostrarPersona.csproj", "{E2C484FE-4E11-4416-B5DC-579E2BB18319}"
EndProject
Global
	GlobalSection(SolutionConfigurationPlatforms) = preSolution
		Debug|Any CPU = Debug|Any CPU
		Release|Any CPU = Release|Any CPU
	EndGlobalSection
	GlobalSection(ProjectConfigurationPlatforms) = postSolution
		{8EFAE91A-4423-48AF-8A94-583E79182610}.Debug|Any CPU.ActiveCfg = Debug|Any CPU
		{8EFAE91A-4423-48AF-8A94-583E79182610}.Debug|Any CPU.Build.0 = Debug|Any CPU
		{8EFAE91A-4423-48AF-8A94-583E79182610}.Debug|Any CPU.Deploy.0 = Debug|Any CPU
		{8EFAE91A-4423-48AF-8A94-583E79182610}.Release|Any CPU.ActiveCfg = Release|Any CPU
		{8EFAE91A-4423-48AF-8A94-583E79182610}.Release|Any CPU.Build.0 = Release|Any CPU
		{8EFAE91A-4423-48AF-8A94-583E79182610}.Release|Any CPU.Deploy.0 = Release|Any CPU
		{E2C484FE-4E11-4416-B5DC-579E2BB18319}.Debug|Any CPU.ActiveCfg = Debug|Any CPU
		{E2C484FE-4E11-4416-B5DC-579E2BB18319}.Debug|Any CPU.Build.0 = Debug|Any CPU
		{E2C484FE-4E11-4416-B5DC-579E2BB18319}.Debug|Any CPU.Deploy.0 = Debug|Any CPU
		{E2C484FE-4E11-4416-B5DC-579E2BB18319}.Release|Any CPU.ActiveCfg = Release|Any CPU
		{E2C484FE-4E11-4416-B5DC-579E2BB18319}.Release|Any CPU.Build.0 = Release|Any CPU
		{E2C484FE-4E11-4416-B5DC-579E2BB18319}.Release|Any CPU.Deploy.0 = Release|Any CPU
	EndGlobalSection
	GlobalSection(SolutionProperties) = preSolution
		HideSolutionNode = FALSE
	EndGlobalSection
	GlobalSection(ExtensibilityGlobals) = postSolution
		SolutionGuid = {3ECEC934-2950-4B8E-9120-904A6B2ECB6B}
	EndGlobalSection
EndGlobal
